{
  "name": "poker_plan",
  "lockfileVersion": 3,
  "requires": true,
  "packages": {
    "": {
      "dependencies": {
        "alpinejs": "^3.12.0",
        "heroicons": "^2.0.17"
      }
    },
    "node_modules/@vue/reactivity": {
      "version": "3.1.5",
      "resolved": "https://registry.npmjs.org/@vue/reactivity/-/reactivity-3.1.5.tgz",
      "integrity": "sha512-1tdfLmNjWG6t/CsPldh+foumYFo3cpyCHgBYQ34ylaMsJ+SNHQ1kApMIa8jN+i593zQuaw3AdWH0nJTARzCFhg==",
      "dependencies": {
        "@vue/shared": "3.1.5"
      }
    },
    "node_modules/@vue/shared": {
      "version": "3.1.5",
      "resolved": "https://registry.npmjs.org/@vue/shared/-/shared-3.1.5.tgz",
      "integrity": "sha512-oJ4F3TnvpXaQwZJNF3ZK+kLPHKarDmJjJ6jyzVNDKH9md1dptjC7lWR//jrGuLdek/U6iltWxqAnYOu8gCiOvA=="
    },
    "node_modules/alpinejs": {
      "version": "3.12.0",
      "resolved": "https://registry.npmjs.org/alpinejs/-/alpinejs-3.12.0.tgz",
      "integrity": "sha512-YENcRBA9dlwR8PsZNFMTHbmdlTNwd1BkCeivPvOzzCKHas6AfwNRsDK9UEFmE5dXTMEZjnnpCTxV8vkdpWiOCw==",
      "dependencies": {
        "@vue/reactivity": "~3.1.1"
      }
    },
    "node_modules/heroicons": {
      "version": "2.0.17",
      "resolved": "https://registry.npmjs.org/heroicons/-/heroicons-2.0.17.tgz",
      "integrity": "sha512-9d5HE+YwwBkzDAIwt3x9O4bPmv5UGKrvqP4D/wwMaaKunPQkoI6FQjWXuXZNKGNieW/1+r1nf40bydEIi76jjw=="
    }
  }
}
